
Microsoft Visual Studio Solution File, Format Version 12.00
# Visual Studio Version 16
VisualStudioVersion = 16.0.30330.147
MinimumVisualStudioVersion = 10.0.40219.1
Project("{FAE04EC0-301F-11D3-BF4B-00C04F79EFBC}") = "EZ CD", "EZ CD\EZ CD.csproj", "{22631AA0-A37F-4F93-9F54-29DC4F3B84E0}"
EndProject
Global
	GlobalSection(SolutionConfigurationPlatforms) = preSolution
		Debug|Any CPU = Debug|Any CPU
		Release|Any CPU = Release|Any CPU
	EndGlobalSection
	GlobalSection(ProjectConfigurationPlatforms) = postSolution
		{22631AA0-A37F-4F93-9F54-29DC4F3B84E0}.Debug|Any CPU.ActiveCfg = Debug|Any CPU
		{22631AA0-A37F-4F93-9F54-29DC4F3B84E0}.Debug|Any CPU.Build.0 = Debug|Any CPU
		{22631AA0-A37F-4F93-9F54-29DC4F3B84E0}.Release|Any CPU.ActiveCfg = Release|Any CPU
		{22631AA0-A37F-4F93-9F54-29DC4F3B84E0}.Release|Any CPU.Build.0 = Release|Any CPU
	EndGlobalSection
	GlobalSection(SolutionProperties) = preSolution
		HideSolutionNode = FALSE
	EndGlobalSection
	GlobalSection(ExtensibilityGlobals) = postSolution
		SolutionGuid = {307145A8-9864-4C43-8183-CAB929E4FEB3}
	EndGlobalSection
EndGlobal
