
Microsoft Visual Studio Solution File, Format Version 12.00
# Visual Studio Version 16
VisualStudioVersion = 16.0.30330.147
MinimumVisualStudioVersion = 10.0.40219.1
Project("{FAE04EC0-301F-11D3-BF4B-00C04F79EFBC}") = "EZ CD", "EZ CD\EZ CD.csproj", "{9CAE7D58-07F0-48BC-ADA4-A7286AB14BAA}"
EndProject
Global
	GlobalSection(SolutionConfigurationPlatforms) = preSolution
		Debug|Any CPU = Debug|Any CPU
		Release|Any CPU = Release|Any CPU
	EndGlobalSection
	GlobalSection(ProjectConfigurationPlatforms) = postSolution
		{9CAE7D58-07F0-48BC-ADA4-A7286AB14BAA}.Debug|Any CPU.ActiveCfg = Debug|Any CPU
		{9CAE7D58-07F0-48BC-ADA4-A7286AB14BAA}.Debug|Any CPU.Build.0 = Debug|Any CPU
		{9CAE7D58-07F0-48BC-ADA4-A7286AB14BAA}.Release|Any CPU.ActiveCfg = Release|Any CPU
		{9CAE7D58-07F0-48BC-ADA4-A7286AB14BAA}.Release|Any CPU.Build.0 = Release|Any CPU
	EndGlobalSection
	GlobalSection(SolutionProperties) = preSolution
		HideSolutionNode = FALSE
	EndGlobalSection
	GlobalSection(ExtensibilityGlobals) = postSolution
		SolutionGuid = {29191AFC-94BC-4165-9CB6-862FD19D43C1}
	EndGlobalSection
EndGlobal
